<?xml version="1.0" encoding="utf-8"?>
<Project ToolsVersion="4.0" xmlns="http://schemas.microsoft.com/developer/msbuild/2003">
  <ItemGroup>
    <Filter Include="Objects">
      <UniqueIdentifier>{1ad43aa6-6f81-4415-9713-de7b300e1ae1}</UniqueIdentifier>
    </Filter>
    <Filter Include="Standard">
      <UniqueIdentifier>{9f46cc7e-8b60-49b5-ad07-5959e4072e8b}</UniqueIdentifier>
    </Filter>
    <Filter Include="API">
      <UniqueIdentifier>{03ac9a27-13a3-4854-bc38-b6adcea43712}</UniqueIdentifier>
    </Filter>
  </ItemGroup>
  <ItemGroup>
    <ClInclude Include="MemoryAllocator.h">
      <Filter>Objects</Filter>
    </ClInclude>
    <ClInclude Include="framework.h">
      <Filter>Standard</Filter>
    </ClInclude>
    <ClInclude Include="pch.h">
      <Filter>Standard</Filter>
    </ClInclude>
    <ClInclude Include="Unknown.h">
      <Filter>Objects</Filter>
    </ClInclude>
    <ClInclude Include="MemoryBlock.h">
      <Filter>Objects</Filter>
    </ClInclude>
    <ClInclude Include="Dumper.h">
      <Filter>Objects</Filter>
    </ClInclude>
    <ClInclude Include="Processor.h">
      <Filter>Objects</Filter>
    </ClInclude>
  </ItemGroup>
  <ItemGroup>
    <ClCompile Include="dllmain.cpp">
      <Filter>Standard</Filter>
    </ClCompile>
    <ClCompile Include="pch.cpp">
      <Filter>Standard</Filter>
    </ClCompile>
    <ClCompile Include="Exports.cpp">
      <Filter>API</Filter>
    </ClCompile>
  </ItemGroup>
  <ItemGroup>
    <Midl Include="API.idl">
      <Filter>API</Filter>
    </Midl>
  </ItemGroup>
</Project>